// !$*UTF8*$!
{
	archiveVersion = 1;
	classes = {
	};
	objectVersion = 48;
	objects = {

/* Begin PBXBuildFile section */
		B50BD9171D96E79D00D3F2CE /* ScoreSingleton.swift in Sources */ = {isa = PBXBuildFile; fileRef = B50BD9161D96E79D00D3F2CE /* ScoreSingleton.swift */; };
		B52C261C1CD803B300317D4C /* PathFinderGridAdapter.swift in Sources */ = {isa = PBXBuildFile; fileRef = B52C261B1CD803B300317D4C /* PathFinderGridAdapter.swift */; };
		B52C795B1CD4F0B000A86DAE /* Selection.scnp in Resources */ = {isa = PBXBuildFile; fileRef = B52C79591CD4F0B000A86DAE /* Selection.scnp */; };
		B5337ACF1CD500B0009C3098 /* Selection Particle.png in Resources */ = {isa = PBXBuildFile; fileRef = B5337ACE1CD500B0009C3098 /* Selection Particle.png */; };
		B5359C931D4810FA00A9C236 /* BunakenUnderwater.ttf in Resources */ = {isa = PBXBuildFile; fileRef = B5359C921D4810FA00A9C236 /* BunakenUnderwater.ttf */; };
		B53891F11C6D520C00006380 /* Field.swift in Sources */ = {isa = PBXBuildFile; fileRef = B53891F01C6D520C00006380 /* Field.swift */; };
		B540A8401D97DDDF00941F5D /* TipJarViewController.swift in Sources */ = {isa = PBXBuildFile; fileRef = B540A83F1D97DDDF00941F5D /* TipJarViewController.swift */; };
		B5521EEE1CD01D8600244B9C /* SceneKitGame.swift in Sources */ = {isa = PBXBuildFile; fileRef = B5521EED1CD01D8600244B9C /* SceneKitGame.swift */; };
		B5521EF01CD0206200244B9C /* SceneKitMarble.swift in Sources */ = {isa = PBXBuildFile; fileRef = B5521EEF1CD0206200244B9C /* SceneKitMarble.swift */; };
		B5521EF21CD0207100244B9C /* SceneKitMarbleFactory.swift in Sources */ = {isa = PBXBuildFile; fileRef = B5521EF11CD0207100244B9C /* SceneKitMarbleFactory.swift */; };
		B56B2D9F1CD92FF3006B5F2F /* PathFinderProtocol.swift in Sources */ = {isa = PBXBuildFile; fileRef = B56B2D9E1CD92FF3006B5F2F /* PathFinderProtocol.swift */; };
		B56B2DA11CD9316D006B5F2F /* PathFinderA.swift in Sources */ = {isa = PBXBuildFile; fileRef = B56B2DA01CD9316D006B5F2F /* PathFinderA.swift */; };
		B573956B1D96EBF900018F49 /* Fabric.framework in Frameworks */ = {isa = PBXBuildFile; fileRef = B57395691D96EBF900018F49 /* Fabric.framework */; };
		B573956E1D96ECAC00018F49 /* Crashlytics.framework in Frameworks */ = {isa = PBXBuildFile; fileRef = B573956A1D96EBF900018F49 /* Crashlytics.framework */; };
		B576D0D41CCC38BA001A5657 /* Game.swift in Sources */ = {isa = PBXBuildFile; fileRef = B576D0D31CCC38BA001A5657 /* Game.swift */; };
		B576D0D61CCC38E5001A5657 /* GameFactory.swift in Sources */ = {isa = PBXBuildFile; fileRef = B576D0D51CCC38E5001A5657 /* GameFactory.swift */; };
		B576D0D81CCC3AB6001A5657 /* SpriteKitGame.swift in Sources */ = {isa = PBXBuildFile; fileRef = B576D0D71CCC3AB6001A5657 /* SpriteKitGame.swift */; };
		B576D0DC1CCCC2DC001A5657 /* Marble.swift in Sources */ = {isa = PBXBuildFile; fileRef = B576D0DB1CCCC2DC001A5657 /* Marble.swift */; };
		B576D0DE1CCCC2F8001A5657 /* SpriteKitMarble.swift in Sources */ = {isa = PBXBuildFile; fileRef = B576D0DD1CCCC2F8001A5657 /* SpriteKitMarble.swift */; };
		B576D0E01CCCC342001A5657 /* MarbleFactory.swift in Sources */ = {isa = PBXBuildFile; fileRef = B576D0DF1CCCC342001A5657 /* MarbleFactory.swift */; };
		B576D0E21CCCC35D001A5657 /* SpriteKitMarbleFactory.swift in Sources */ = {isa = PBXBuildFile; fileRef = B576D0E11CCCC35D001A5657 /* SpriteKitMarbleFactory.swift */; };
		B57918D51C6A741A004214EF /* Main.storyboard in Resources */ = {isa = PBXBuildFile; fileRef = B57918D41C6A741A004214EF /* Main.storyboard */; };
		B57918D71C6A7438004214EF /* LaunchScreen.storyboard in Resources */ = {isa = PBXBuildFile; fileRef = B57918D61C6A7438004214EF /* LaunchScreen.storyboard */; };
		B57918F71C6A76DC004214EF /* MainMenuViewController.swift in Sources */ = {isa = PBXBuildFile; fileRef = B57918F61C6A76DC004214EF /* MainMenuViewController.swift */; };
		B58254711C5E58090065E283 /* AppDelegate.swift in Sources */ = {isa = PBXBuildFile; fileRef = B58254701C5E58090065E283 /* AppDelegate.swift */; };
		B582547C1C5E58090065E283 /* Images.xcassets in Resources */ = {isa = PBXBuildFile; fileRef = B582547B1C5E58090065E283 /* Images.xcassets */; };
		B59640761D5FC69C00CABF43 /* Marble Normal.png in Resources */ = {isa = PBXBuildFile; fileRef = B59640741D5FC69C00CABF43 /* Marble Normal.png */; };
		B59640771D5FC69C00CABF43 /* Marble Specular.png in Resources */ = {isa = PBXBuildFile; fileRef = B59640751D5FC69C00CABF43 /* Marble Specular.png */; };
		B596407B1D5FC9DC00CABF43 /* Marble.scn in Resources */ = {isa = PBXBuildFile; fileRef = B596407A1D5FC9DC00CABF43 /* Marble.scn */; };
		B596407D1D5FD8A000CABF43 /* Tile Diffuse.png in Resources */ = {isa = PBXBuildFile; fileRef = B596407C1D5FD8A000CABF43 /* Tile Diffuse.png */; };
		B59640811D5FE84400CABF43 /* Tile Normal.png in Resources */ = {isa = PBXBuildFile; fileRef = B59640801D5FE84400CABF43 /* Tile Normal.png */; };
		B5B6827C1D981997005924C7 /* PurchaseManager.swift in Sources */ = {isa = PBXBuildFile; fileRef = B5B6827B1D981997005924C7 /* PurchaseManager.swift */; };
		B5CB02831D22E263005770BB /* MainMenuBackgroundView.swift in Sources */ = {isa = PBXBuildFile; fileRef = B5CB02821D22E263005770BB /* MainMenuBackgroundView.swift */; };
		B5CB02881D23042C005770BB /* Button.swift in Sources */ = {isa = PBXBuildFile; fileRef = B5CB02871D23042C005770BB /* Button.swift */; };
		B5D7150F1EF9CD1D008A5781 /* ArKitGame.swift in Sources */ = {isa = PBXBuildFile; fileRef = B5D7150E1EF9CD1C008A5781 /* ArKitGame.swift */; };
		B5D715111EF9D3B5008A5781 /* ArKitMarbleFactory.swift in Sources */ = {isa = PBXBuildFile; fileRef = B5D715101EF9D3B5008A5781 /* ArKitMarbleFactory.swift */; };
		B5DAE6721D9E4D030023A869 /* StoreKit.framework in Frameworks */ = {isa = PBXBuildFile; fileRef = B5DAE6711D9E4D030023A869 /* StoreKit.framework */; };
		B5DD2B561D56944600F9FFC3 /* GameOverPopup.swift in Sources */ = {isa = PBXBuildFile; fileRef = B5DD2B551D56944600F9FFC3 /* GameOverPopup.swift */; };
		B5E6C1741CCE63A700410BBB /* Utils.swift in Sources */ = {isa = PBXBuildFile; fileRef = B5E6C1731CCE63A700410BBB /* Utils.swift */; };
/* End PBXBuildFile section */

/* Begin PBXFileReference section */
		B50BD9161D96E79D00D3F2CE /* ScoreSingleton.swift */ = {isa = PBXFileReference; fileEncoding = 4; lastKnownFileType = sourcecode.swift; name = ScoreSingleton.swift; path = Marbles/Source/Score/ScoreSingleton.swift; sourceTree = SOURCE_ROOT; };
		B52C261B1CD803B300317D4C /* PathFinderGridAdapter.swift */ = {isa = PBXFileReference; fileEncoding = 4; lastKnownFileType = sourcecode.swift; path = PathFinderGridAdapter.swift; sourceTree = "<group>"; };
		B52C79591CD4F0B000A86DAE /* Selection.scnp */ = {isa = PBXFileReference; lastKnownFileType = file.scp; name = Selection.scnp; path = Marbles/Assets/Particles/Selection.scnp; sourceTree = "<group>"; };
		B5337ACE1CD500B0009C3098 /* Selection Particle.png */ = {isa = PBXFileReference; lastKnownFileType = image.png; name = "Selection Particle.png"; path = "Marbles/Assets/Textures/Selection Particle.png"; sourceTree = "<group>"; };
		B5359C921D4810FA00A9C236 /* BunakenUnderwater.ttf */ = {isa = PBXFileReference; lastKnownFileType = file; name = BunakenUnderwater.ttf; path = Marbles/Assets/BunakenUnderwater.ttf; sourceTree = "<group>"; };
		B53891F01C6D520C00006380 /* Field.swift */ = {isa = PBXFileReference; fileEncoding = 4; lastKnownFileType = sourcecode.swift; path = Field.swift; sourceTree = "<group>"; };
		B540A83F1D97DDDF00941F5D /* TipJarViewController.swift */ = {isa = PBXFileReference; fileEncoding = 4; lastKnownFileType = sourcecode.swift; name = TipJarViewController.swift; path = "Source/Main Menu/TipJarViewController.swift"; sourceTree = "<group>"; };
		B54946FC1EF80D1A009261DA /* README.md */ = {isa = PBXFileReference; lastKnownFileType = net.daringfireball.markdown; path = README.md; sourceTree = "<group>"; };
		B5521EED1CD01D8600244B9C /* SceneKitGame.swift */ = {isa = PBXFileReference; fileEncoding = 4; lastKnownFileType = sourcecode.swift; path = SceneKitGame.swift; sourceTree = "<group>"; };
		B5521EEF1CD0206200244B9C /* SceneKitMarble.swift */ = {isa = PBXFileReference; fileEncoding = 4; lastKnownFileType = sourcecode.swift; path = SceneKitMarble.swift; sourceTree = "<group>"; };
		B5521EF11CD0207100244B9C /* SceneKitMarbleFactory.swift */ = {isa = PBXFileReference; fileEncoding = 4; lastKnownFileType = sourcecode.swift; path = SceneKitMarbleFactory.swift; sourceTree = "<group>"; };
		B56B2D9E1CD92FF3006B5F2F /* PathFinderProtocol.swift */ = {isa = PBXFileReference; fileEncoding = 4; lastKnownFileType = sourcecode.swift; path = PathFinderProtocol.swift; sourceTree = "<group>"; };
		B56B2DA01CD9316D006B5F2F /* PathFinderA.swift */ = {isa = PBXFileReference; fileEncoding = 4; lastKnownFileType = sourcecode.swift; path = PathFinderA.swift; sourceTree = "<group>"; };
		B57395691D96EBF900018F49 /* Fabric.framework */ = {isa = PBXFileReference; lastKnownFileType = wrapper.framework; name = Fabric.framework; path = Frameworks/Fabric.framework; sourceTree = "<group>"; };
		B573956A1D96EBF900018F49 /* Crashlytics.framework */ = {isa = PBXFileReference; lastKnownFileType = wrapper.framework; name = Crashlytics.framework; path = Frameworks/Crashlytics.framework; sourceTree = "<group>"; };
		B576D0D31CCC38BA001A5657 /* Game.swift */ = {isa = PBXFileReference; fileEncoding = 4; lastKnownFileType = sourcecode.swift; path = Game.swift; sourceTree = "<group>"; };
		B576D0D51CCC38E5001A5657 /* GameFactory.swift */ = {isa = PBXFileReference; fileEncoding = 4; lastKnownFileType = sourcecode.swift; path = GameFactory.swift; sourceTree = "<group>"; };
		B576D0D71CCC3AB6001A5657 /* SpriteKitGame.swift */ = {isa = PBXFileReference; fileEncoding = 4; lastKnownFileType = sourcecode.swift; path = SpriteKitGame.swift; sourceTree = "<group>"; };
		B576D0DB1CCCC2DC001A5657 /* Marble.swift */ = {isa = PBXFileReference; fileEncoding = 4; lastKnownFileType = sourcecode.swift; path = Marble.swift; sourceTree = "<group>"; };
		B576D0DD1CCCC2F8001A5657 /* SpriteKitMarble.swift */ = {isa = PBXFileReference; fileEncoding = 4; lastKnownFileType = sourcecode.swift; path = SpriteKitMarble.swift; sourceTree = "<group>"; };
		B576D0DF1CCCC342001A5657 /* MarbleFactory.swift */ = {isa = PBXFileReference; fileEncoding = 4; lastKnownFileType = sourcecode.swift; path = MarbleFactory.swift; sourceTree = "<group>"; };
		B576D0E11CCCC35D001A5657 /* SpriteKitMarbleFactory.swift */ = {isa = PBXFileReference; fileEncoding = 4; lastKnownFileType = sourcecode.swift; path = SpriteKitMarbleFactory.swift; sourceTree = "<group>"; };
		B57918D41C6A741A004214EF /* Main.storyboard */ = {isa = PBXFileReference; fileEncoding = 4; lastKnownFileType = file.storyboard; name = Main.storyboard; path = Marbles/Assets/Main.storyboard; sourceTree = "<group>"; };
		B57918D61C6A7438004214EF /* LaunchScreen.storyboard */ = {isa = PBXFileReference; fileEncoding = 4; lastKnownFileType = file.storyboard; name = LaunchScreen.storyboard; path = Marbles/Assets/LaunchScreen.storyboard; sourceTree = "<group>"; };
		B57918F61C6A76DC004214EF /* MainMenuViewController.swift */ = {isa = PBXFileReference; fileEncoding = 4; lastKnownFileType = sourcecode.swift; name = MainMenuViewController.swift; path = "Source/Main Menu/MainMenuViewController.swift"; sourceTree = "<group>"; };
		B582546D1C5E58090065E283 /* Marbles.app */ = {isa = PBXFileReference; explicitFileType = wrapper.application; includeInIndex = 0; path = Marbles.app; sourceTree = BUILT_PRODUCTS_DIR; };
		B58254701C5E58090065E283 /* AppDelegate.swift */ = {isa = PBXFileReference; lastKnownFileType = sourcecode.swift; name = AppDelegate.swift; path = Source/AppDelegate.swift; sourceTree = "<group>"; };
		B582547B1C5E58090065E283 /* Images.xcassets */ = {isa = PBXFileReference; lastKnownFileType = folder.assetcatalog; name = Images.xcassets; path = Marbles/Assets/Images.xcassets; sourceTree = "<group>"; };
		B58254801C5E58090065E283 /* Info.plist */ = {isa = PBXFileReference; lastKnownFileType = text.plist.xml; name = Info.plist; path = "Marbles/Supporting Files/Info.plist"; sourceTree = "<group>"; };
		B59640741D5FC69C00CABF43 /* Marble Normal.png */ = {isa = PBXFileReference; lastKnownFileType = image.png; name = "Marble Normal.png"; path = "Marbles/Assets/Textures/Marble Normal.png"; sourceTree = "<group>"; };
		B59640751D5FC69C00CABF43 /* Marble Specular.png */ = {isa = PBXFileReference; lastKnownFileType = image.png; name = "Marble Specular.png"; path = "Marbles/Assets/Textures/Marble Specular.png"; sourceTree = "<group>"; };
		B596407A1D5FC9DC00CABF43 /* Marble.scn */ = {isa = PBXFileReference; lastKnownFileType = file.bplist; name = Marble.scn; path = Marbles/Assets/Models/Marble.scn; sourceTree = "<group>"; };
		B596407C1D5FD8A000CABF43 /* Tile Diffuse.png */ = {isa = PBXFileReference; lastKnownFileType = image.png; name = "Tile Diffuse.png"; path = "Marbles/Assets/Textures/Tile Diffuse.png"; sourceTree = "<group>"; };
		B59640801D5FE84400CABF43 /* Tile Normal.png */ = {isa = PBXFileReference; lastKnownFileType = image.png; name = "Tile Normal.png"; path = "Marbles/Assets/Textures/Tile Normal.png"; sourceTree = "<group>"; };
		B5B6827B1D981997005924C7 /* PurchaseManager.swift */ = {isa = PBXFileReference; fileEncoding = 4; lastKnownFileType = sourcecode.swift; name = PurchaseManager.swift; path = Source/PurchaseManager.swift; sourceTree = "<group>"; };
		B5CB02821D22E263005770BB /* MainMenuBackgroundView.swift */ = {isa = PBXFileReference; fileEncoding = 4; lastKnownFileType = sourcecode.swift; name = MainMenuBackgroundView.swift; path = "Source/Main Menu/MainMenuBackgroundView.swift"; sourceTree = "<group>"; };
		B5CB02871D23042C005770BB /* Button.swift */ = {isa = PBXFileReference; fileEncoding = 4; lastKnownFileType = sourcecode.swift; name = Button.swift; path = Source/Button.swift; sourceTree = "<group>"; };
		B5D7150E1EF9CD1C008A5781 /* ArKitGame.swift */ = {isa = PBXFileReference; lastKnownFileType = sourcecode.swift; path = ArKitGame.swift; sourceTree = "<group>"; };
		B5D715101EF9D3B5008A5781 /* ArKitMarbleFactory.swift */ = {isa = PBXFileReference; lastKnownFileType = sourcecode.swift; path = ArKitMarbleFactory.swift; sourceTree = "<group>"; };
		B5DAE6711D9E4D030023A869 /* StoreKit.framework */ = {isa = PBXFileReference; lastKnownFileType = wrapper.framework; name = StoreKit.framework; path = System/Library/Frameworks/StoreKit.framework; sourceTree = SDKROOT; };
		B5DD2B551D56944600F9FFC3 /* GameOverPopup.swift */ = {isa = PBXFileReference; fileEncoding = 4; lastKnownFileType = sourcecode.swift; path = GameOverPopup.swift; sourceTree = "<group>"; };
		B5E6C1731CCE63A700410BBB /* Utils.swift */ = {isa = PBXFileReference; fileEncoding = 4; lastKnownFileType = sourcecode.swift; name = Utils.swift; path = Source/Utils.swift; sourceTree = "<group>"; };
/* End PBXFileReference section */

/* Begin PBXFrameworksBuildPhase section */
		B582546A1C5E58090065E283 /* Frameworks */ = {
			isa = PBXFrameworksBuildPhase;
			buildActionMask = 2147483647;
			files = (
				B5DAE6721D9E4D030023A869 /* StoreKit.framework in Frameworks */,
				B573956B1D96EBF900018F49 /* Fabric.framework in Frameworks */,
				B573956E1D96ECAC00018F49 /* Crashlytics.framework in Frameworks */,
			);
			runOnlyForDeploymentPostprocessing = 0;
		};
/* End PBXFrameworksBuildPhase section */

/* Begin PBXGroup section */
		B50903E01CD64330004E8E6E /* Score */ = {
			isa = PBXGroup;
			children = (
				B50BD9161D96E79D00D3F2CE /* ScoreSingleton.swift */,
			);
			name = Score;
			sourceTree = "<group>";
		};
		B573956D1D96EC8300018F49 /* Frameworks */ = {
			isa = PBXGroup;
			children = (
				B5DAE6711D9E4D030023A869 /* StoreKit.framework */,
				B57395691D96EBF900018F49 /* Fabric.framework */,
				B573956A1D96EBF900018F49 /* Crashlytics.framework */,
			);
			name = Frameworks;
			path = Marbles;
			sourceTree = "<group>";
		};
		B576D0D91CCCC2B7001A5657 /* Game */ = {
			isa = PBXGroup;
			children = (
				B576D0D31CCC38BA001A5657 /* Game.swift */,
				B576D0D71CCC3AB6001A5657 /* SpriteKitGame.swift */,
				B5521EED1CD01D8600244B9C /* SceneKitGame.swift */,
				B5D7150E1EF9CD1C008A5781 /* ArKitGame.swift */,
				B576D0D51CCC38E5001A5657 /* GameFactory.swift */,
				B5DD2B551D56944600F9FFC3 /* GameOverPopup.swift */,
			);
			name = Game;
			path = Source/Game;
			sourceTree = "<group>";
		};
		B576D0DA1CCCC2C4001A5657 /* Marbles */ = {
			isa = PBXGroup;
			children = (
				B576D0DB1CCCC2DC001A5657 /* Marble.swift */,
				B576D0DD1CCCC2F8001A5657 /* SpriteKitMarble.swift */,
				B5521EEF1CD0206200244B9C /* SceneKitMarble.swift */,
				B576D0DF1CCCC342001A5657 /* MarbleFactory.swift */,
				B576D0E11CCCC35D001A5657 /* SpriteKitMarbleFactory.swift */,
				B5521EF11CD0207100244B9C /* SceneKitMarbleFactory.swift */,
				B5D715101EF9D3B5008A5781 /* ArKitMarbleFactory.swift */,
			);
			name = Marbles;
			path = Source/Marbles;
			sourceTree = "<group>";
		};
		B576D0E31CCCD8C1001A5657 /* Field */ = {
			isa = PBXGroup;
			children = (
				B53891F01C6D520C00006380 /* Field.swift */,
				B56B2D9E1CD92FF3006B5F2F /* PathFinderProtocol.swift */,
				B56B2DA01CD9316D006B5F2F /* PathFinderA.swift */,
				B52C261B1CD803B300317D4C /* PathFinderGridAdapter.swift */,
			);
			name = Field;
			path = Source/Field;
			sourceTree = "<group>";
		};
		B58254641C5E58090065E283 = {
			isa = PBXGroup;
			children = (
				B54946FC1EF80D1A009261DA /* README.md */,
				B582546F1C5E58090065E283 /* Source */,
				B573956D1D96EC8300018F49 /* Frameworks */,
				B58254861C5E584D0065E283 /* Assets */,
				B58254871C5E585E0065E283 /* Supporting Files */,
				B582546E1C5E58090065E283 /* Products */,
			);
			sourceTree = "<group>";
		};
		B582546E1C5E58090065E283 /* Products */ = {
			isa = PBXGroup;
			children = (
				B582546D1C5E58090065E283 /* Marbles.app */,
			);
			name = Products;
			sourceTree = "<group>";
		};
		B582546F1C5E58090065E283 /* Source */ = {
			isa = PBXGroup;
			children = (
				B58254701C5E58090065E283 /* AppDelegate.swift */,
				B5E6C1731CCE63A700410BBB /* Utils.swift */,
				B5CB02871D23042C005770BB /* Button.swift */,
				B5B6827B1D981997005924C7 /* PurchaseManager.swift */,
				B5CB02811D22E240005770BB /* Main Menu */,
				B5CB02861D2301F9005770BB /* Game */,
				B50903E01CD64330004E8E6E /* Score */,
			);
			name = Source;
			path = Marbles;
			sourceTree = "<group>";
		};
		B58254861C5E584D0065E283 /* Assets */ = {
			isa = PBXGroup;
			children = (
				B582547B1C5E58090065E283 /* Images.xcassets */,
				B5359C921D4810FA00A9C236 /* BunakenUnderwater.ttf */,
				B57918D61C6A7438004214EF /* LaunchScreen.storyboard */,
				B57918D41C6A741A004214EF /* Main.storyboard */,
				B59640731D5FC68600CABF43 /* Textures */,
				B59640781D5FC96E00CABF43 /* Models */,
				B59640791D5FC97300CABF43 /* Particles */,
			);
			name = Assets;
			sourceTree = "<group>";
		};
		B58254871C5E585E0065E283 /* Supporting Files */ = {
			isa = PBXGroup;
			children = (
				B58254801C5E58090065E283 /* Info.plist */,
			);
			name = "Supporting Files";
			sourceTree = "<group>";
		};
		B59640731D5FC68600CABF43 /* Textures */ = {
			isa = PBXGroup;
			children = (
				B59640741D5FC69C00CABF43 /* Marble Normal.png */,
				B59640751D5FC69C00CABF43 /* Marble Specular.png */,
				B5337ACE1CD500B0009C3098 /* Selection Particle.png */,
				B596407C1D5FD8A000CABF43 /* Tile Diffuse.png */,
				B59640801D5FE84400CABF43 /* Tile Normal.png */,
			);
			name = Textures;
			sourceTree = "<group>";
		};
		B59640781D5FC96E00CABF43 /* Models */ = {
			isa = PBXGroup;
			children = (
				B596407A1D5FC9DC00CABF43 /* Marble.scn */,
			);
			name = Models;
			sourceTree = "<group>";
		};
		B59640791D5FC97300CABF43 /* Particles */ = {
			isa = PBXGroup;
			children = (
				B52C79591CD4F0B000A86DAE /* Selection.scnp */,
			);
			name = Particles;
			sourceTree = "<group>";
		};
		B5CB02811D22E240005770BB /* Main Menu */ = {
			isa = PBXGroup;
			children = (
				B5CB02821D22E263005770BB /* MainMenuBackgroundView.swift */,
				B57918F61C6A76DC004214EF /* MainMenuViewController.swift */,
				B540A83F1D97DDDF00941F5D /* TipJarViewController.swift */,
			);
			name = "Main Menu";
			sourceTree = "<group>";
		};
		B5CB02861D2301F9005770BB /* Game */ = {
			isa = PBXGroup;
			children = (
				B576D0E31CCCD8C1001A5657 /* Field */,
				B576D0D91CCCC2B7001A5657 /* Game */,
				B576D0DA1CCCC2C4001A5657 /* Marbles */,
			);
			name = Game;
			sourceTree = "<group>";
		};
/* End PBXGroup section */

/* Begin PBXNativeTarget section */
		B582546C1C5E58090065E283 /* Marbles */ = {
			isa = PBXNativeTarget;
			buildConfigurationList = B58254831C5E58090065E283 /* Build configuration list for PBXNativeTarget "Marbles" */;
			buildPhases = (
				B58254691C5E58090065E283 /* Sources */,
				B582546A1C5E58090065E283 /* Frameworks */,
				B582546B1C5E58090065E283 /* Resources */,
				B57395681D96EBDB00018F49 /* Fabric */,
			);
			buildRules = (
			);
			dependencies = (
			);
			name = Marbles;
			productName = Marbles;
			productReference = B582546D1C5E58090065E283 /* Marbles.app */;
			productType = "com.apple.product-type.application";
		};
/* End PBXNativeTarget section */

/* Begin PBXProject section */
		B58254651C5E58090065E283 /* Project object */ = {
			isa = PBXProject;
			attributes = {
				LastSwiftUpdateCheck = 0720;
				LastUpgradeCheck = 0900;
				ORGANIZATIONNAME = UnalignedByte;
				TargetAttributes = {
					B582546C1C5E58090065E283 = {
						CreatedOnToolsVersion = 7.2;
						LastSwiftMigration = 0900;
						ProvisioningStyle = Automatic;
						SystemCapabilities = {
							com.apple.BackgroundModes = {
								enabled = 0;
							};
							com.apple.InAppPurchase = {
								enabled = 1;
							};
						};
					};
				};
			};
			buildConfigurationList = B58254681C5E58090065E283 /* Build configuration list for PBXProject "Marbles" */;
			compatibilityVersion = "Xcode 8.0";
			developmentRegion = English;
			hasScannedForEncodings = 0;
			knownRegions = (
				en,
			);
			mainGroup = B58254641C5E58090065E283;
			productRefGroup = B582546E1C5E58090065E283 /* Products */;
			projectDirPath = "";
			projectRoot = "";
			targets = (
				B582546C1C5E58090065E283 /* Marbles */,
			);
		};
/* End PBXProject section */

/* Begin PBXResourcesBuildPhase section */
		B582546B1C5E58090065E283 /* Resources */ = {
			isa = PBXResourcesBuildPhase;
			buildActionMask = 2147483647;
			files = (
				B596407D1D5FD8A000CABF43 /* Tile Diffuse.png in Resources */,
				B59640771D5FC69C00CABF43 /* Marble Specular.png in Resources */,
				B596407B1D5FC9DC00CABF43 /* Marble.scn in Resources */,
				B582547C1C5E58090065E283 /* Images.xcassets in Resources */,
				B57918D71C6A7438004214EF /* LaunchScreen.storyboard in Resources */,
				B52C795B1CD4F0B000A86DAE /* Selection.scnp in Resources */,
				B59640761D5FC69C00CABF43 /* Marble Normal.png in Resources */,
				B57918D51C6A741A004214EF /* Main.storyboard in Resources */,
				B59640811D5FE84400CABF43 /* Tile Normal.png in Resources */,
				B5359C931D4810FA00A9C236 /* BunakenUnderwater.ttf in Resources */,
				B5337ACF1CD500B0009C3098 /* Selection Particle.png in Resources */,
			);
			runOnlyForDeploymentPostprocessing = 0;
		};
/* End PBXResourcesBuildPhase section */

/* Begin PBXShellScriptBuildPhase section */
		B57395681D96EBDB00018F49 /* Fabric */ = {
			isa = PBXShellScriptBuildPhase;
			buildActionMask = 2147483647;
			files = (
			);
			inputPaths = (
			);
			name = Fabric;
			outputPaths = (
			);
			runOnlyForDeploymentPostprocessing = 0;
			shellPath = /bin/sh;
			shellScript = "if [ \"${CONFIGURATION}\" = \"Release\" ]; then\n    fabricBuildSecretFilePath=\"${PROJECT_DIR}/../private/marbles/fabric_build_secret.txt\"\n\n    if [ -e \"${fabricBuildSecretFilePath}\" ]; then\n        ./Marbles/Frameworks/Fabric.framework/run a021a108c4f7af7ac61e5074ce2ce6b5b0729c4b `cat \"${fabricBuildSecretFilePath}\"`\n    fi\nfi";
		};
/* End PBXShellScriptBuildPhase section */

/* Begin PBXSourcesBuildPhase section */
		B58254691C5E58090065E283 /* Sources */ = {
			isa = PBXSourcesBuildPhase;
			buildActionMask = 2147483647;
			files = (
				B540A8401D97DDDF00941F5D /* TipJarViewController.swift in Sources */,
				B576D0D61CCC38E5001A5657 /* GameFactory.swift in Sources */,
				B576D0E21CCCC35D001A5657 /* SpriteKitMarbleFactory.swift in Sources */,
				B576D0DC1CCCC2DC001A5657 /* Marble.swift in Sources */,
				B52C261C1CD803B300317D4C /* PathFinderGridAdapter.swift in Sources */,
				B56B2DA11CD9316D006B5F2F /* PathFinderA.swift in Sources */,
				B56B2D9F1CD92FF3006B5F2F /* PathFinderProtocol.swift in Sources */,
				B5521EF21CD0207100244B9C /* SceneKitMarbleFactory.swift in Sources */,
				B576D0D41CCC38BA001A5657 /* Game.swift in Sources */,
				B50BD9171D96E79D00D3F2CE /* ScoreSingleton.swift in Sources */,
				B57918F71C6A76DC004214EF /* MainMenuViewController.swift in Sources */,
				B576D0E01CCCC342001A5657 /* MarbleFactory.swift in Sources */,
				B5B6827C1D981997005924C7 /* PurchaseManager.swift in Sources */,
				B5521EF01CD0206200244B9C /* SceneKitMarble.swift in Sources */,
				B53891F11C6D520C00006380 /* Field.swift in Sources */,
				B5DD2B561D56944600F9FFC3 /* GameOverPopup.swift in Sources */,
				B576D0DE1CCCC2F8001A5657 /* SpriteKitMarble.swift in Sources */,
				B58254711C5E58090065E283 /* AppDelegate.swift in Sources */,
				B5521EEE1CD01D8600244B9C /* SceneKitGame.swift in Sources */,
				B5CB02881D23042C005770BB /* Button.swift in Sources */,
				B576D0D81CCC3AB6001A5657 /* SpriteKitGame.swift in Sources */,
				B5E6C1741CCE63A700410BBB /* Utils.swift in Sources */,
				B5CB02831D22E263005770BB /* MainMenuBackgroundView.swift in Sources */,
				B5D7150F1EF9CD1D008A5781 /* ArKitGame.swift in Sources */,
				B5D715111EF9D3B5008A5781 /* ArKitMarbleFactory.swift in Sources */,
			);
			runOnlyForDeploymentPostprocessing = 0;
		};
/* End PBXSourcesBuildPhase section */

/* Begin XCBuildConfiguration section */
		B58254811C5E58090065E283 /* Debug */ = {
			isa = XCBuildConfiguration;
			buildSettings = {
				ALWAYS_SEARCH_USER_PATHS = NO;
				CLANG_CXX_LANGUAGE_STANDARD = "gnu++0x";
				CLANG_CXX_LIBRARY = "libc++";
				CLANG_ENABLE_MODULES = YES;
				CLANG_ENABLE_OBJC_ARC = YES;
				CLANG_WARN_BLOCK_CAPTURE_AUTORELEASING = YES;
				CLANG_WARN_BOOL_CONVERSION = YES;
				CLANG_WARN_COMMA = YES;
				CLANG_WARN_CONSTANT_CONVERSION = YES;
				CLANG_WARN_DIRECT_OBJC_ISA_USAGE = YES_ERROR;
				CLANG_WARN_EMPTY_BODY = YES;
				CLANG_WARN_ENUM_CONVERSION = YES;
				CLANG_WARN_INFINITE_RECURSION = YES;
				CLANG_WARN_INT_CONVERSION = YES;
				CLANG_WARN_NON_LITERAL_NULL_CONVERSION = YES;
				CLANG_WARN_OBJC_LITERAL_CONVERSION = YES;
				CLANG_WARN_OBJC_ROOT_CLASS = YES_ERROR;
				CLANG_WARN_RANGE_LOOP_ANALYSIS = YES;
				CLANG_WARN_STRICT_PROTOTYPES = YES;
				CLANG_WARN_SUSPICIOUS_MOVE = YES;
				CLANG_WARN_UNREACHABLE_CODE = YES;
				CLANG_WARN__DUPLICATE_METHOD_MATCH = YES;
				COPY_PHASE_STRIP = NO;
				DEBUG_INFORMATION_FORMAT = "dwarf-with-dsym";
				ENABLE_STRICT_OBJC_MSGSEND = YES;
				ENABLE_TESTABILITY = YES;
				FRAMEWORK_SEARCH_PATHS = "$(SRCROOT)/Marbles/Frameworks";
				GCC_C_LANGUAGE_STANDARD = gnu99;
				GCC_DYNAMIC_NO_PIC = NO;
				GCC_NO_COMMON_BLOCKS = YES;
				GCC_OPTIMIZATION_LEVEL = 0;
				GCC_PREPROCESSOR_DEFINITIONS = (
					"DEBUG=1",
					"$(inherited)",
				);
				GCC_WARN_64_TO_32_BIT_CONVERSION = YES;
				GCC_WARN_ABOUT_RETURN_TYPE = YES_ERROR;
				GCC_WARN_UNDECLARED_SELECTOR = YES;
				GCC_WARN_UNINITIALIZED_AUTOS = YES_AGGRESSIVE;
				GCC_WARN_UNUSED_FUNCTION = YES;
				GCC_WARN_UNUSED_VARIABLE = YES;
				IPHONEOS_DEPLOYMENT_TARGET = 10.0;
				MTL_ENABLE_DEBUG_INFO = YES;
				ONLY_ACTIVE_ARCH = YES;
				SDKROOT = iphoneos;
				SWIFT_OPTIMIZATION_LEVEL = "-Onone";
				TARGETED_DEVICE_FAMILY = "1,2";
				VALID_ARCHS = "$(ARCHS_STANDARD)";
			};
			name = Debug;
		};
		B58254821C5E58090065E283 /* Release */ = {
			isa = XCBuildConfiguration;
			buildSettings = {
				ALWAYS_SEARCH_USER_PATHS = NO;
				CLANG_CXX_LANGUAGE_STANDARD = "gnu++0x";
				CLANG_CXX_LIBRARY = "libc++";
				CLANG_ENABLE_MODULES = YES;
				CLANG_ENABLE_OBJC_ARC = YES;
				CLANG_WARN_BLOCK_CAPTURE_AUTORELEASING = YES;
				CLANG_WARN_BOOL_CONVERSION = YES;
				CLANG_WARN_COMMA = YES;
				CLANG_WARN_CONSTANT_CONVERSION = YES;
				CLANG_WARN_DIRECT_OBJC_ISA_USAGE = YES_ERROR;
				CLANG_WARN_EMPTY_BODY = YES;
				CLANG_WARN_ENUM_CONVERSION = YES;
				CLANG_WARN_INFINITE_RECURSION = YES;
				CLANG_WARN_INT_CONVERSION = YES;
				CLANG_WARN_NON_LITERAL_NULL_CONVERSION = YES;
				CLANG_WARN_OBJC_LITERAL_CONVERSION = YES;
				CLANG_WARN_OBJC_ROOT_CLASS = YES_ERROR;
				CLANG_WARN_RANGE_LOOP_ANALYSIS = YES;
				CLANG_WARN_STRICT_PROTOTYPES = YES;
				CLANG_WARN_SUSPICIOUS_MOVE = YES;
				CLANG_WARN_UNREACHABLE_CODE = YES;
				CLANG_WARN__DUPLICATE_METHOD_MATCH = YES;
				COPY_PHASE_STRIP = NO;
				DEBUG_INFORMATION_FORMAT = "dwarf-with-dsym";
				ENABLE_NS_ASSERTIONS = NO;
				ENABLE_STRICT_OBJC_MSGSEND = YES;
				FRAMEWORK_SEARCH_PATHS = "$(SRCROOT)/Marbles/Frameworks";
				GCC_C_LANGUAGE_STANDARD = gnu99;
				GCC_NO_COMMON_BLOCKS = YES;
				GCC_WARN_64_TO_32_BIT_CONVERSION = YES;
				GCC_WARN_ABOUT_RETURN_TYPE = YES_ERROR;
				GCC_WARN_UNDECLARED_SELECTOR = YES;
				GCC_WARN_UNINITIALIZED_AUTOS = YES_AGGRESSIVE;
				GCC_WARN_UNUSED_FUNCTION = YES;
				GCC_WARN_UNUSED_VARIABLE = YES;
				IPHONEOS_DEPLOYMENT_TARGET = 10.0;
				MTL_ENABLE_DEBUG_INFO = NO;
				SDKROOT = iphoneos;
				SWIFT_OPTIMIZATION_LEVEL = "-Owholemodule";
				TARGETED_DEVICE_FAMILY = "1,2";
				VALIDATE_PRODUCT = YES;
				VALID_ARCHS = "$(ARCHS_STANDARD)";
			};
			name = Release;
		};
		B58254841C5E58090065E283 /* Debug */ = {
			isa = XCBuildConfiguration;
			buildSettings = {
				ASSETCATALOG_COMPILER_APPICON_NAME = AppIcon;
				CODE_SIGN_IDENTITY = "iPhone Developer";
				"CODE_SIGN_IDENTITY[sdk=iphoneos*]" = "iPhone Developer";
				CODE_SIGN_STYLE = Automatic;
				DEVELOPMENT_TEAM = X7G47FFC9G;
				FRAMEWORK_SEARCH_PATHS = "$(inherited)";
				INFOPLIST_FILE = "$(SRCROOT)/Marbles/Supporting Files/Info.plist";
				IPHONEOS_DEPLOYMENT_TARGET = 10.0;
				LD_RUNPATH_SEARCH_PATHS = "$(inherited) @executable_path/Frameworks";
				OTHER_SWIFT_FLAGS = "-D DEBUG";
				PRODUCT_BUNDLE_IDENTIFIER = com.unalignedbyte.marbles;
				PRODUCT_NAME = Marbles;
				PROVISIONING_PROFILE = "";
				PROVISIONING_PROFILE_SPECIFIER = "";
				SWIFT_SWIFT3_OBJC_INFERENCE = Off;
				SWIFT_VERSION = 4.0;
				TARGETED_DEVICE_FAMILY = 1;
			};
			name = Debug;
		};
		B58254851C5E58090065E283 /* Release */ = {
			isa = XCBuildConfiguration;
			buildSettings = {
				ASSETCATALOG_COMPILER_APPICON_NAME = AppIcon;
				CODE_SIGN_IDENTITY = "iPhone Distribution";
				"CODE_SIGN_IDENTITY[sdk=iphoneos*]" = "iPhone Developer";
				CODE_SIGN_STYLE = Automatic;
				DEVELOPMENT_TEAM = X7G47FFC9G;
				FRAMEWORK_SEARCH_PATHS = "$(inherited)";
				INFOPLIST_FILE = "$(SRCROOT)/Marbles/Supporting Files/Info.plist";
				IPHONEOS_DEPLOYMENT_TARGET = 10.0;
				LD_RUNPATH_SEARCH_PATHS = "$(inherited) @executable_path/Frameworks";
				PRODUCT_BUNDLE_IDENTIFIER = com.unalignedbyte.marbles;
				PRODUCT_NAME = Marbles;
				PROVISIONING_PROFILE = "";
				PROVISIONING_PROFILE_SPECIFIER = "";
				SWIFT_SWIFT3_OBJC_INFERENCE = Off;
				SWIFT_VERSION = 4.0;
				TARGETED_DEVICE_FAMILY = 1;
			};
			name = Release;
		};
/* End XCBuildConfiguration section */

/* Begin XCConfigurationList section */
		B58254681C5E58090065E283 /* Build configuration list for PBXProject "Marbles" */ = {
			isa = XCConfigurationList;
			buildConfigurations = (
				B58254811C5E58090065E283 /* Debug */,
				B58254821C5E58090065E283 /* Release */,
			);
			defaultConfigurationIsVisible = 0;
			defaultConfigurationName = Release;
		};
		B58254831C5E58090065E283 /* Build configuration list for PBXNativeTarget "Marbles" */ = {
			isa = XCConfigurationList;
			buildConfigurations = (
				B58254841C5E58090065E283 /* Debug */,
				B58254851C5E58090065E283 /* Release */,
			);
			defaultConfigurationIsVisible = 0;
			defaultConfigurationName = Release;
		};
/* End XCConfigurationList section */
	};
	rootObject = B58254651C5E58090065E283 /* Project object */;
}
